
Microsoft Visual Studio Solution File, Format Version 12.00
# Visual Studio 15
Project("{FAE04EC0-301F-11D3-BF4B-00C04F79EFBC}") = "Assembly-CSharp", "Assembly-CSharp.csproj", "{01B98CAD-CFA3-A65D-2FD1-DEC7B16AC68E}"
EndProject
Project("{FAE04EC0-301F-11D3-BF4B-00C04F79EFBC}") = "Assembly-CSharp-Editor", "Assembly-CSharp-Editor.csproj", "{A256FB99-8CB6-D62C-1052-CFB4F0C74D49}"
EndProject
Global
	GlobalSection(SolutionConfigurationPlatforms) = preSolution
		Debug|Any CPU = Debug|Any CPU
		Release|Any CPU = Release|Any CPU
	EndGlobalSection
	GlobalSection(ProjectConfigurationPlatforms) = postSolution
		{01B98CAD-CFA3-A65D-2FD1-DEC7B16AC68E}.Debug|Any CPU.ActiveCfg = Debug|Any CPU
		{01B98CAD-CFA3-A65D-2FD1-DEC7B16AC68E}.Debug|Any CPU.Build.0 = Debug|Any CPU
		{01B98CAD-CFA3-A65D-2FD1-DEC7B16AC68E}.Release|Any CPU.ActiveCfg = Release|Any CPU
		{01B98CAD-CFA3-A65D-2FD1-DEC7B16AC68E}.Release|Any CPU.Build.0 = Release|Any CPU
		{A256FB99-8CB6-D62C-1052-CFB4F0C74D49}.Debug|Any CPU.ActiveCfg = Debug|Any CPU
		{A256FB99-8CB6-D62C-1052-CFB4F0C74D49}.Debug|Any CPU.Build.0 = Debug|Any CPU
		{A256FB99-8CB6-D62C-1052-CFB4F0C74D49}.Release|Any CPU.ActiveCfg = Release|Any CPU
		{A256FB99-8CB6-D62C-1052-CFB4F0C74D49}.Release|Any CPU.Build.0 = Release|Any CPU
	EndGlobalSection
	GlobalSection(SolutionProperties) = preSolution
		HideSolutionNode = FALSE
	EndGlobalSection
EndGlobal
