
Microsoft Visual Studio Solution File, Format Version 12.00
# Visual Studio 15
Project("{FAE04EC0-301F-11D3-BF4B-00C04F79EFBC}") = "Assembly-CSharp", "Assembly-CSharp.csproj", "{AEF42E07-6F9B-1E84-4479-54F33D7596F0}"
EndProject
Project("{FAE04EC0-301F-11D3-BF4B-00C04F79EFBC}") = "Assembly-CSharp-Editor", "Assembly-CSharp-Editor.csproj", "{A91F721B-E057-8E57-732E-9C42B1BDC1CF}"
EndProject
Global
	GlobalSection(SolutionConfigurationPlatforms) = preSolution
		Debug|Any CPU = Debug|Any CPU
		Release|Any CPU = Release|Any CPU
	EndGlobalSection
	GlobalSection(ProjectConfigurationPlatforms) = postSolution
		{AEF42E07-6F9B-1E84-4479-54F33D7596F0}.Debug|Any CPU.ActiveCfg = Debug|Any CPU
		{AEF42E07-6F9B-1E84-4479-54F33D7596F0}.Debug|Any CPU.Build.0 = Debug|Any CPU
		{AEF42E07-6F9B-1E84-4479-54F33D7596F0}.Release|Any CPU.ActiveCfg = Release|Any CPU
		{AEF42E07-6F9B-1E84-4479-54F33D7596F0}.Release|Any CPU.Build.0 = Release|Any CPU
		{A91F721B-E057-8E57-732E-9C42B1BDC1CF}.Debug|Any CPU.ActiveCfg = Debug|Any CPU
		{A91F721B-E057-8E57-732E-9C42B1BDC1CF}.Debug|Any CPU.Build.0 = Debug|Any CPU
		{A91F721B-E057-8E57-732E-9C42B1BDC1CF}.Release|Any CPU.ActiveCfg = Release|Any CPU
		{A91F721B-E057-8E57-732E-9C42B1BDC1CF}.Release|Any CPU.Build.0 = Release|Any CPU
	EndGlobalSection
	GlobalSection(SolutionProperties) = preSolution
		HideSolutionNode = FALSE
	EndGlobalSection
EndGlobal
